PODS:
  - Aspects (1.4.1)
  - FastModule (0.0.1)
  - Yoga (1.8.1)
  - YogaKit (1.8.1):
    - Yoga (~> 1.8.1)

DEPENDENCIES:
  - Aspects (~> 1.4.1)
  - "FastModule (from `git@github.com:IanLuo/FastModule.git`)"
  - YogaKit

SPEC REPOS:
  https://github.com/cocoapods/specs.git:
    - Aspects
    - Yoga
    - YogaKit

EXTERNAL SOURCES:
  FastModule:
    :git: "git@github.com:IanLuo/FastModule.git"

CHECKOUT OPTIONS:
  FastModule:
    :commit: b46ed9cf24d218a8804f3f864b0fac6c893b55fe
    :git: "git@github.com:IanLuo/FastModule.git"

SPEC CHECKSUMS:
  Aspects: 7595ba96a6727a58ebcbfc954497fc5d2fdde546
  FastModule: 02b49485888287dbb7b246611e28ca006b927776
  Yoga: e6f1fed82138c17da5332e15e5770abf0e9cc386
  YogaKit: bb90d11e297e06abef7e0cfb20e035a6bd00cdc4

PODFILE CHECKSUM: 4eeb99346ec0e265a6bafe6932e8abe71117dbed

COCOAPODS: 1.5.3
